# This file is generated by running "yarn install" inside your project.
# Manual changes might be lost - proceed with caution!

__metadata:
  version: 4
  cacheKey: 7

"dotenv@npm:^8.2.0":
  version: 8.2.0
  resolution: "dotenv@npm:8.2.0"
  checksum: 16cb89cbd7b98b053899b8aba8c5044c8fb61a2db8a81fe70360b75035fce5fed53bd7a34d772be717d0880c0321122a4c09423f518025e1b52d96791521b1a7
  languageName: node
  linkType: hard

"lru-cache@npm:^6.0.0":
  version: 6.0.0
  resolution: "lru-cache@npm:6.0.0"
  dependencies:
    yallist: ^4.0.0
  checksum: b8b78353d2391c0f135cdc245c4744ad41c2efb1a6d98f31bc57a2cf48ebf02de96e4876657c3026673576bf1f1f61fc3fdd77ab00ad1ead737537bf17d8019d
  languageName: node
  linkType: hard

"script@workspace:.":
  version: 0.0.0-use.local
  resolution: "script@workspace:."
  dependencies:
    dotenv: ^8.2.0
    semver: ^7.3.2
  languageName: unknown
  linkType: soft

"semver@npm:^7.3.2":
  version: 7.3.4
  resolution: "semver@npm:7.3.4"
  dependencies:
    lru-cache: ^6.0.0
  bin:
    semver: bin/semver.js
  checksum: f2c7f9aeb976d1484b2f39aa7afc8332a1d21fd32ca4a6fbf650e1423455ebf3e7029f6e2e7ba0cd71935b85942521f1ec25b6cc2c031b953c8ca4ff2d7a823d
  languageName: node
  linkType: hard

"yallist@npm:^4.0.0":
  version: 4.0.0
  resolution: "yallist@npm:4.0.0"
  checksum: a2960ef879af6ee67a76cae29bac9d8bffeb6e9e366c217dbd21464e7fce071933705544724f47e90ba5209cf9c83c17d5582dd04415d86747a826b2a231efb8
  languageName: node
  linkType: hard
